// !$*UTF8*$!
{
	archiveVersion = 1;
	classes = {
	};
	objectVersion = 48;
	objects = {

/* Begin PBXBuildFile section */
		179816912E064C9F004A2553 /* HomeBaseViewController.swift in Sources */ = {isa = PBXBuildFile; fileRef = 179816902E064C9F004A2553 /* HomeBaseViewController.swift */; };
		179816942E064DE5004A2553 /* HomeListCellModel.swift in Sources */ = {isa = PBXBuildFile; fileRef = 179816932E064DE5004A2553 /* HomeListCellModel.swift */; };
		179816992E065154004A2553 /* HomeListCell.swift in Sources */ = {isa = PBXBuildFile; fileRef = 179816972E065154004A2553 /* HomeListCell.swift */; };
		1798169A2E065154004A2553 /* HomeListCell.xib in Resources */ = {isa = PBXBuildFile; fileRef = 179816982E065154004A2553 /* HomeListCell.xib */; };
		1798169C2E0651E0004A2553 /* ColorsConfiger.swift in Sources */ = {isa = PBXBuildFile; fileRef = 1798169B2E0651E0004A2553 /* ColorsConfiger.swift */; };
		1798169F2E0654A0004A2553 /* chun_tian_li.mp3 in Resources */ = {isa = PBXBuildFile; fileRef = 1798169E2E0654A0004A2553 /* chun_tian_li.mp3 */; };
		E514B294C5D12AD5F7AE1657 /* Pods_AVFoundationDemo.framework in Frameworks */ = {isa = PBXBuildFile; fileRef = 25C36C5C62B16A010C718198 /* Pods_AVFoundationDemo.framework */; };
		F1BC08801FCA89F4005C940B /* AppDelegate.swift in Sources */ = {isa = PBXBuildFile; fileRef = F1BC087F1FCA89F4005C940B /* AppDelegate.swift */; };
		F1BC08821FCA89F4005C940B /* HomeViewController.swift in Sources */ = {isa = PBXBuildFile; fileRef = F1BC08811FCA89F4005C940B /* HomeViewController.swift */; };
		F1BC08851FCA89F4005C940B /* Main.storyboard in Resources */ = {isa = PBXBuildFile; fileRef = F1BC08831FCA89F4005C940B /* Main.storyboard */; };
		F1BC08871FCA89F4005C940B /* Assets.xcassets in Resources */ = {isa = PBXBuildFile; fileRef = F1BC08861FCA89F4005C940B /* Assets.xcassets */; };
		F1BC088A1FCA89F4005C940B /* LaunchScreen.storyboard in Resources */ = {isa = PBXBuildFile; fileRef = F1BC08881FCA89F4005C940B /* LaunchScreen.storyboard */; };
		F1BC08951FCA9A13005C940B /* AVFoundation.framework in Frameworks */ = {isa = PBXBuildFile; fileRef = F1BC08941FCA9A0B005C940B /* AVFoundation.framework */; };
		F1BC08971FCA9A20005C940B /* Photos.framework in Frameworks */ = {isa = PBXBuildFile; fileRef = F1BC08961FCA9A1B005C940B /* Photos.framework */; };
/* End PBXBuildFile section */

/* Begin PBXFileReference section */
		179816902E064C9F004A2553 /* HomeBaseViewController.swift */ = {isa = PBXFileReference; lastKnownFileType = sourcecode.swift; path = HomeBaseViewController.swift; sourceTree = "<group>"; };
		179816932E064DE5004A2553 /* HomeListCellModel.swift */ = {isa = PBXFileReference; lastKnownFileType = sourcecode.swift; path = HomeListCellModel.swift; sourceTree = "<group>"; };
		179816972E065154004A2553 /* HomeListCell.swift */ = {isa = PBXFileReference; lastKnownFileType = sourcecode.swift; path = HomeListCell.swift; sourceTree = "<group>"; };
		179816982E065154004A2553 /* HomeListCell.xib */ = {isa = PBXFileReference; lastKnownFileType = file.xib; path = HomeListCell.xib; sourceTree = "<group>"; };
		1798169B2E0651E0004A2553 /* ColorsConfiger.swift */ = {isa = PBXFileReference; lastKnownFileType = sourcecode.swift; path = ColorsConfiger.swift; sourceTree = "<group>"; };
		1798169E2E0654A0004A2553 /* chun_tian_li.mp3 */ = {isa = PBXFileReference; lastKnownFileType = audio.mp3; path = chun_tian_li.mp3; sourceTree = "<group>"; };
		25C36C5C62B16A010C718198 /* Pods_AVFoundationDemo.framework */ = {isa = PBXFileReference; explicitFileType = wrapper.framework; includeInIndex = 0; path = Pods_AVFoundationDemo.framework; sourceTree = BUILT_PRODUCTS_DIR; };
		2B450911BCA905790F84CB06 /* Pods-AVFoundationDemo.debug.xcconfig */ = {isa = PBXFileReference; includeInIndex = 1; lastKnownFileType = text.xcconfig; name = "Pods-AVFoundationDemo.debug.xcconfig"; path = "Target Support Files/Pods-AVFoundationDemo/Pods-AVFoundationDemo.debug.xcconfig"; sourceTree = "<group>"; };
		A608474649C44C5AE177B56D /* Pods-AVFoundationDemo.release.xcconfig */ = {isa = PBXFileReference; includeInIndex = 1; lastKnownFileType = text.xcconfig; name = "Pods-AVFoundationDemo.release.xcconfig"; path = "Target Support Files/Pods-AVFoundationDemo/Pods-AVFoundationDemo.release.xcconfig"; sourceTree = "<group>"; };
		F1BC087C1FCA89F4005C940B /* AVFoundationDemo.app */ = {isa = PBXFileReference; explicitFileType = wrapper.application; includeInIndex = 0; path = AVFoundationDemo.app; sourceTree = BUILT_PRODUCTS_DIR; };
		F1BC087F1FCA89F4005C940B /* AppDelegate.swift */ = {isa = PBXFileReference; lastKnownFileType = sourcecode.swift; path = AppDelegate.swift; sourceTree = "<group>"; };
		F1BC08811FCA89F4005C940B /* HomeViewController.swift */ = {isa = PBXFileReference; lastKnownFileType = sourcecode.swift; path = HomeViewController.swift; sourceTree = "<group>"; };
		F1BC08841FCA89F4005C940B /* Base */ = {isa = PBXFileReference; lastKnownFileType = file.storyboard; name = Base; path = Base.lproj/Main.storyboard; sourceTree = "<group>"; };
		F1BC08861FCA89F4005C940B /* Assets.xcassets */ = {isa = PBXFileReference; lastKnownFileType = folder.assetcatalog; path = Assets.xcassets; sourceTree = "<group>"; };
		F1BC08891FCA89F4005C940B /* Base */ = {isa = PBXFileReference; lastKnownFileType = file.storyboard; name = Base; path = Base.lproj/LaunchScreen.storyboard; sourceTree = "<group>"; };
		F1BC088B1FCA89F4005C940B /* Info.plist */ = {isa = PBXFileReference; lastKnownFileType = text.plist.xml; path = Info.plist; sourceTree = "<group>"; };
		F1BC08941FCA9A0B005C940B /* AVFoundation.framework */ = {isa = PBXFileReference; lastKnownFileType = wrapper.framework; name = AVFoundation.framework; path = System/Library/Frameworks/AVFoundation.framework; sourceTree = SDKROOT; };
		F1BC08961FCA9A1B005C940B /* Photos.framework */ = {isa = PBXFileReference; lastKnownFileType = wrapper.framework; name = Photos.framework; path = System/Library/Frameworks/Photos.framework; sourceTree = SDKROOT; };
/* End PBXFileReference section */

/* Begin PBXFrameworksBuildPhase section */
		F1BC08791FCA89F4005C940B /* Frameworks */ = {
			isa = PBXFrameworksBuildPhase;
			buildActionMask = 2147483647;
			files = (
				F1BC08971FCA9A20005C940B /* Photos.framework in Frameworks */,
				F1BC08951FCA9A13005C940B /* AVFoundation.framework in Frameworks */,
				E514B294C5D12AD5F7AE1657 /* Pods_AVFoundationDemo.framework in Frameworks */,
			);
			runOnlyForDeploymentPostprocessing = 0;
		};
/* End PBXFrameworksBuildPhase section */

/* Begin PBXGroup section */
		179816922E064DB0004A2553 /* Model */ = {
			isa = PBXGroup;
			children = (
				179816932E064DE5004A2553 /* HomeListCellModel.swift */,
			);
			path = Model;
			sourceTree = "<group>";
		};
		179816952E065141004A2553 /* View */ = {
			isa = PBXGroup;
			children = (
				179816962E06514A004A2553 /* Cell */,
			);
			path = View;
			sourceTree = "<group>";
		};
		179816962E06514A004A2553 /* Cell */ = {
			isa = PBXGroup;
			children = (
				179816972E065154004A2553 /* HomeListCell.swift */,
				179816982E065154004A2553 /* HomeListCell.xib */,
			);
			path = Cell;
			sourceTree = "<group>";
		};
		1798169D2E065490004A2553 /* Resource */ = {
			isa = PBXGroup;
			children = (
				1798169E2E0654A0004A2553 /* chun_tian_li.mp3 */,
			);
			path = Resource;
			sourceTree = "<group>";
		};
		53707686C28C081E598462B3 /* Pods */ = {
			isa = PBXGroup;
			children = (
				2B450911BCA905790F84CB06 /* Pods-AVFoundationDemo.debug.xcconfig */,
				A608474649C44C5AE177B56D /* Pods-AVFoundationDemo.release.xcconfig */,
			);
			path = Pods;
			sourceTree = "<group>";
		};
		F1BC08731FCA89F4005C940B = {
			isa = PBXGroup;
			children = (
				F1BC087E1FCA89F4005C940B /* AVFoundationDemo */,
				F1BC087D1FCA89F4005C940B /* Products */,
				F1BC08931FCA9A0B005C940B /* Frameworks */,
				53707686C28C081E598462B3 /* Pods */,
			);
			sourceTree = "<group>";
		};
		F1BC087D1FCA89F4005C940B /* Products */ = {
			isa = PBXGroup;
			children = (
				F1BC087C1FCA89F4005C940B /* AVFoundationDemo.app */,
			);
			name = Products;
			sourceTree = "<group>";
		};
		F1BC087E1FCA89F4005C940B /* AVFoundationDemo */ = {
			isa = PBXGroup;
			children = (
				179816922E064DB0004A2553 /* Model */,
				179816952E065141004A2553 /* View */,
				F1BC087F1FCA89F4005C940B /* AppDelegate.swift */,
				179816902E064C9F004A2553 /* HomeBaseViewController.swift */,
				F1BC08811FCA89F4005C940B /* HomeViewController.swift */,
				F1BC08831FCA89F4005C940B /* Main.storyboard */,
				F1BC08861FCA89F4005C940B /* Assets.xcassets */,
				F1BC08881FCA89F4005C940B /* LaunchScreen.storyboard */,
				F1BC088B1FCA89F4005C940B /* Info.plist */,
				1798169D2E065490004A2553 /* Resource */,
				1798169B2E0651E0004A2553 /* ColorsConfiger.swift */,
			);
			path = AVFoundationDemo;
			sourceTree = "<group>";
		};
		F1BC08931FCA9A0B005C940B /* Frameworks */ = {
			isa = PBXGroup;
			children = (
				F1BC08961FCA9A1B005C940B /* Photos.framework */,
				F1BC08941FCA9A0B005C940B /* AVFoundation.framework */,
				25C36C5C62B16A010C718198 /* Pods_AVFoundationDemo.framework */,
			);
			name = Frameworks;
			sourceTree = "<group>";
		};
/* End PBXGroup section */

/* Begin PBXNativeTarget section */
		F1BC087B1FCA89F4005C940B /* AVFoundationDemo */ = {
			isa = PBXNativeTarget;
			buildConfigurationList = F1BC088E1FCA89F4005C940B /* Build configuration list for PBXNativeTarget "AVFoundationDemo" */;
			buildPhases = (
				2B894798583F00A5A5E7FDE2 /* [CP] Check Pods Manifest.lock */,
				F1BC08781FCA89F4005C940B /* Sources */,
				F1BC08791FCA89F4005C940B /* Frameworks */,
				F1BC087A1FCA89F4005C940B /* Resources */,
				08AD068534DE91030EDF2430 /* [CP] Embed Pods Frameworks */,
			);
			buildRules = (
			);
			dependencies = (
			);
			name = AVFoundationDemo;
			productName = AVFoundationDemo;
			productReference = F1BC087C1FCA89F4005C940B /* AVFoundationDemo.app */;
			productType = "com.apple.product-type.application";
		};
/* End PBXNativeTarget section */

/* Begin PBXProject section */
		F1BC08741FCA89F4005C940B /* Project object */ = {
			isa = PBXProject;
			attributes = {
				LastSwiftUpdateCheck = 0910;
				LastUpgradeCheck = 0910;
				ORGANIZATIONNAME = smile;
				TargetAttributes = {
					F1BC087B1FCA89F4005C940B = {
						CreatedOnToolsVersion = 9.1;
						ProvisioningStyle = Automatic;
					};
				};
			};
			buildConfigurationList = F1BC08771FCA89F4005C940B /* Build configuration list for PBXProject "AVFoundationDemo" */;
			compatibilityVersion = "Xcode 8.0";
			developmentRegion = en;
			hasScannedForEncodings = 0;
			knownRegions = (
				en,
				Base,
			);
			mainGroup = F1BC08731FCA89F4005C940B;
			productRefGroup = F1BC087D1FCA89F4005C940B /* Products */;
			projectDirPath = "";
			projectRoot = "";
			targets = (
				F1BC087B1FCA89F4005C940B /* AVFoundationDemo */,
			);
		};
/* End PBXProject section */

/* Begin PBXResourcesBuildPhase section */
		F1BC087A1FCA89F4005C940B /* Resources */ = {
			isa = PBXResourcesBuildPhase;
			buildActionMask = 2147483647;
			files = (
				F1BC088A1FCA89F4005C940B /* LaunchScreen.storyboard in Resources */,
				1798169A2E065154004A2553 /* HomeListCell.xib in Resources */,
				F1BC08871FCA89F4005C940B /* Assets.xcassets in Resources */,
				F1BC08851FCA89F4005C940B /* Main.storyboard in Resources */,
				1798169F2E0654A0004A2553 /* chun_tian_li.mp3 in Resources */,
			);
			runOnlyForDeploymentPostprocessing = 0;
		};
/* End PBXResourcesBuildPhase section */

/* Begin PBXShellScriptBuildPhase section */
		08AD068534DE91030EDF2430 /* [CP] Embed Pods Frameworks */ = {
			isa = PBXShellScriptBuildPhase;
			buildActionMask = 2147483647;
			files = (
			);
			inputPaths = (
				"${PODS_ROOT}/Target Support Files/Pods-AVFoundationDemo/Pods-AVFoundationDemo-frameworks.sh",
				"${BUILT_PRODUCTS_DIR}/Hue/Hue.framework",
				"${BUILT_PRODUCTS_DIR}/SnapKit/SnapKit.framework",
			);
			name = "[CP] Embed Pods Frameworks";
			outputPaths = (
				"${TARGET_BUILD_DIR}/${FRAMEWORKS_FOLDER_PATH}/Hue.framework",
				"${TARGET_BUILD_DIR}/${FRAMEWORKS_FOLDER_PATH}/SnapKit.framework",
			);
			runOnlyForDeploymentPostprocessing = 0;
			shellPath = /bin/sh;
			shellScript = "\"${PODS_ROOT}/Target Support Files/Pods-AVFoundationDemo/Pods-AVFoundationDemo-frameworks.sh\"\n";
			showEnvVarsInLog = 0;
		};
		2B894798583F00A5A5E7FDE2 /* [CP] Check Pods Manifest.lock */ = {
			isa = PBXShellScriptBuildPhase;
			buildActionMask = 2147483647;
			files = (
			);
			inputFileListPaths = (
			);
			inputPaths = (
				"${PODS_PODFILE_DIR_PATH}/Podfile.lock",
				"${PODS_ROOT}/Manifest.lock",
			);
			name = "[CP] Check Pods Manifest.lock";
			outputFileListPaths = (
			);
			outputPaths = (
				"$(DERIVED_FILE_DIR)/Pods-AVFoundationDemo-checkManifestLockResult.txt",
			);
			runOnlyForDeploymentPostprocessing = 0;
			shellPath = /bin/sh;
			shellScript = "diff \"${PODS_PODFILE_DIR_PATH}/Podfile.lock\" \"${PODS_ROOT}/Manifest.lock\" > /dev/null\nif [ $? != 0 ] ; then\n    # print error to STDERR\n    echo \"error: The sandbox is not in sync with the Podfile.lock. Run 'pod install' or update your CocoaPods installation.\" >&2\n    exit 1\nfi\n# This output is used by Xcode 'outputs' to avoid re-running this script phase.\necho \"SUCCESS\" > \"${SCRIPT_OUTPUT_FILE_0}\"\n";
			showEnvVarsInLog = 0;
		};
/* End PBXShellScriptBuildPhase section */

/* Begin PBXSourcesBuildPhase section */
		F1BC08781FCA89F4005C940B /* Sources */ = {
			isa = PBXSourcesBuildPhase;
			buildActionMask = 2147483647;
			files = (
				1798169C2E0651E0004A2553 /* ColorsConfiger.swift in Sources */,
				179816992E065154004A2553 /* HomeListCell.swift in Sources */,
				F1BC08821FCA89F4005C940B /* HomeViewController.swift in Sources */,
				F1BC08801FCA89F4005C940B /* AppDelegate.swift in Sources */,
				179816942E064DE5004A2553 /* HomeListCellModel.swift in Sources */,
				179816912E064C9F004A2553 /* HomeBaseViewController.swift in Sources */,
			);
			runOnlyForDeploymentPostprocessing = 0;
		};
/* End PBXSourcesBuildPhase section */

/* Begin PBXVariantGroup section */
		F1BC08831FCA89F4005C940B /* Main.storyboard */ = {
			isa = PBXVariantGroup;
			children = (
				F1BC08841FCA89F4005C940B /* Base */,
			);
			name = Main.storyboard;
			sourceTree = "<group>";
		};
		F1BC08881FCA89F4005C940B /* LaunchScreen.storyboard */ = {
			isa = PBXVariantGroup;
			children = (
				F1BC08891FCA89F4005C940B /* Base */,
			);
			name = LaunchScreen.storyboard;
			sourceTree = "<group>";
		};
/* End PBXVariantGroup section */

/* Begin XCBuildConfiguration section */
		F1BC088C1FCA89F4005C940B /* Debug */ = {
			isa = XCBuildConfiguration;
			buildSettings = {
				ALWAYS_SEARCH_USER_PATHS = NO;
				CLANG_ANALYZER_NONNULL = YES;
				CLANG_ANALYZER_NUMBER_OBJECT_CONVERSION = YES_AGGRESSIVE;
				CLANG_CXX_LANGUAGE_STANDARD = "gnu++14";
				CLANG_CXX_LIBRARY = "libc++";
				CLANG_ENABLE_MODULES = YES;
				CLANG_ENABLE_OBJC_ARC = YES;
				CLANG_WARN_BLOCK_CAPTURE_AUTORELEASING = YES;
				CLANG_WARN_BOOL_CONVERSION = YES;
				CLANG_WARN_COMMA = YES;
				CLANG_WARN_CONSTANT_CONVERSION = YES;
				CLANG_WARN_DIRECT_OBJC_ISA_USAGE = YES_ERROR;
				CLANG_WARN_DOCUMENTATION_COMMENTS = YES;
				CLANG_WARN_EMPTY_BODY = YES;
				CLANG_WARN_ENUM_CONVERSION = YES;
				CLANG_WARN_INFINITE_RECURSION = YES;
				CLANG_WARN_INT_CONVERSION = YES;
				CLANG_WARN_NON_LITERAL_NULL_CONVERSION = YES;
				CLANG_WARN_OBJC_LITERAL_CONVERSION = YES;
				CLANG_WARN_OBJC_ROOT_CLASS = YES_ERROR;
				CLANG_WARN_RANGE_LOOP_ANALYSIS = YES;
				CLANG_WARN_STRICT_PROTOTYPES = YES;
				CLANG_WARN_SUSPICIOUS_MOVE = YES;
				CLANG_WARN_UNGUARDED_AVAILABILITY = YES_AGGRESSIVE;
				CLANG_WARN_UNREACHABLE_CODE = YES;
				CLANG_WARN__DUPLICATE_METHOD_MATCH = YES;
				CODE_SIGN_IDENTITY = "iPhone Developer";
				COPY_PHASE_STRIP = NO;
				DEBUG_INFORMATION_FORMAT = dwarf;
				ENABLE_STRICT_OBJC_MSGSEND = YES;
				ENABLE_TESTABILITY = YES;
				GCC_C_LANGUAGE_STANDARD = gnu11;
				GCC_DYNAMIC_NO_PIC = NO;
				GCC_NO_COMMON_BLOCKS = YES;
				GCC_OPTIMIZATION_LEVEL = 0;
				GCC_PREPROCESSOR_DEFINITIONS = (
					"DEBUG=1",
					"$(inherited)",
				);
				GCC_WARN_64_TO_32_BIT_CONVERSION = YES;
				GCC_WARN_ABOUT_RETURN_TYPE = YES_ERROR;
				GCC_WARN_UNDECLARED_SELECTOR = YES;
				GCC_WARN_UNINITIALIZED_AUTOS = YES_AGGRESSIVE;
				GCC_WARN_UNUSED_FUNCTION = YES;
				GCC_WARN_UNUSED_VARIABLE = YES;
				IPHONEOS_DEPLOYMENT_TARGET = 11.1;
				MTL_ENABLE_DEBUG_INFO = YES;
				ONLY_ACTIVE_ARCH = YES;
				SDKROOT = iphoneos;
				SWIFT_ACTIVE_COMPILATION_CONDITIONS = DEBUG;
				SWIFT_OPTIMIZATION_LEVEL = "-Onone";
			};
			name = Debug;
		};
		F1BC088D1FCA89F4005C940B /* Release */ = {
			isa = XCBuildConfiguration;
			buildSettings = {
				ALWAYS_SEARCH_USER_PATHS = NO;
				CLANG_ANALYZER_NONNULL = YES;
				CLANG_ANALYZER_NUMBER_OBJECT_CONVERSION = YES_AGGRESSIVE;
				CLANG_CXX_LANGUAGE_STANDARD = "gnu++14";
				CLANG_CXX_LIBRARY = "libc++";
				CLANG_ENABLE_MODULES = YES;
				CLANG_ENABLE_OBJC_ARC = YES;
				CLANG_WARN_BLOCK_CAPTURE_AUTORELEASING = YES;
				CLANG_WARN_BOOL_CONVERSION = YES;
				CLANG_WARN_COMMA = YES;
				CLANG_WARN_CONSTANT_CONVERSION = YES;
				CLANG_WARN_DIRECT_OBJC_ISA_USAGE = YES_ERROR;
				CLANG_WARN_DOCUMENTATION_COMMENTS = YES;
				CLANG_WARN_EMPTY_BODY = YES;
				CLANG_WARN_ENUM_CONVERSION = YES;
				CLANG_WARN_INFINITE_RECURSION = YES;
				CLANG_WARN_INT_CONVERSION = YES;
				CLANG_WARN_NON_LITERAL_NULL_CONVERSION = YES;
				CLANG_WARN_OBJC_LITERAL_CONVERSION = YES;
				CLANG_WARN_OBJC_ROOT_CLASS = YES_ERROR;
				CLANG_WARN_RANGE_LOOP_ANALYSIS = YES;
				CLANG_WARN_STRICT_PROTOTYPES = YES;
				CLANG_WARN_SUSPICIOUS_MOVE = YES;
				CLANG_WARN_UNGUARDED_AVAILABILITY = YES_AGGRESSIVE;
				CLANG_WARN_UNREACHABLE_CODE = YES;
				CLANG_WARN__DUPLICATE_METHOD_MATCH = YES;
				CODE_SIGN_IDENTITY = "iPhone Developer";
				COPY_PHASE_STRIP = NO;
				DEBUG_INFORMATION_FORMAT = "dwarf-with-dsym";
				ENABLE_NS_ASSERTIONS = NO;
				ENABLE_STRICT_OBJC_MSGSEND = YES;
				GCC_C_LANGUAGE_STANDARD = gnu11;
				GCC_NO_COMMON_BLOCKS = YES;
				GCC_WARN_64_TO_32_BIT_CONVERSION = YES;
				GCC_WARN_ABOUT_RETURN_TYPE = YES_ERROR;
				GCC_WARN_UNDECLARED_SELECTOR = YES;
				GCC_WARN_UNINITIALIZED_AUTOS = YES_AGGRESSIVE;
				GCC_WARN_UNUSED_FUNCTION = YES;
				GCC_WARN_UNUSED_VARIABLE = YES;
				IPHONEOS_DEPLOYMENT_TARGET = 11.1;
				MTL_ENABLE_DEBUG_INFO = NO;
				SDKROOT = iphoneos;
				SWIFT_OPTIMIZATION_LEVEL = "-Owholemodule";
				VALIDATE_PRODUCT = YES;
			};
			name = Release;
		};
		F1BC088F1FCA89F4005C940B /* Debug */ = {
			isa = XCBuildConfiguration;
			baseConfigurationReference = 2B450911BCA905790F84CB06 /* Pods-AVFoundationDemo.debug.xcconfig */;
			buildSettings = {
				ASSETCATALOG_COMPILER_APPICON_NAME = AppIcon;
				CODE_SIGN_STYLE = Automatic;
				CURRENT_PROJECT_VERSION = 20250621;
				DEVELOPMENT_TEAM = UXHZJEX24R;
				INFOPLIST_FILE = AVFoundationDemo/Info.plist;
				IPHONEOS_DEPLOYMENT_TARGET = 14.0;
				LD_RUNPATH_SEARCH_PATHS = "$(inherited) @executable_path/Frameworks";
				MARKETING_VERSION = 1.0;
				PRODUCT_BUNDLE_IDENTIFIER = Smile.AVFoundationDemo;
				PRODUCT_NAME = "$(TARGET_NAME)";
				SWIFT_VERSION = 4.0;
				TARGETED_DEVICE_FAMILY = "1,2";
			};
			name = Debug;
		};
		F1BC08901FCA89F4005C940B /* Release */ = {
			isa = XCBuildConfiguration;
			baseConfigurationReference = A608474649C44C5AE177B56D /* Pods-AVFoundationDemo.release.xcconfig */;
			buildSettings = {
				ASSETCATALOG_COMPILER_APPICON_NAME = AppIcon;
				CODE_SIGN_STYLE = Automatic;
				CURRENT_PROJECT_VERSION = 20250621;
				DEVELOPMENT_TEAM = UXHZJEX24R;
				INFOPLIST_FILE = AVFoundationDemo/Info.plist;
				IPHONEOS_DEPLOYMENT_TARGET = 14.0;
				LD_RUNPATH_SEARCH_PATHS = "$(inherited) @executable_path/Frameworks";
				MARKETING_VERSION = 1.0;
				PRODUCT_BUNDLE_IDENTIFIER = Smile.AVFoundationDemo;
				PRODUCT_NAME = "$(TARGET_NAME)";
				SWIFT_VERSION = 4.0;
				TARGETED_DEVICE_FAMILY = "1,2";
			};
			name = Release;
		};
/* End XCBuildConfiguration section */

/* Begin XCConfigurationList section */
		F1BC08771FCA89F4005C940B /* Build configuration list for PBXProject "AVFoundationDemo" */ = {
			isa = XCConfigurationList;
			buildConfigurations = (
				F1BC088C1FCA89F4005C940B /* Debug */,
				F1BC088D1FCA89F4005C940B /* Release */,
			);
			defaultConfigurationIsVisible = 0;
			defaultConfigurationName = Release;
		};
		F1BC088E1FCA89F4005C940B /* Build configuration list for PBXNativeTarget "AVFoundationDemo" */ = {
			isa = XCConfigurationList;
			buildConfigurations = (
				F1BC088F1FCA89F4005C940B /* Debug */,
				F1BC08901FCA89F4005C940B /* Release */,
			);
			defaultConfigurationIsVisible = 0;
			defaultConfigurationName = Release;
		};
/* End XCConfigurationList section */
	};
	rootObject = F1BC08741FCA89F4005C940B /* Project object */;
}
